// !$*UTF8*$!
{
	archiveVersion = 1;
	classes = {
	};
	objectVersion = 50;
	objects = {

/* Begin PBXBuildFile section */
		2B363CD02420C45700F92602 /* DetailView.swift in Sources */ = {isa = PBXBuildFile; fileRef = 2B363CCF2420C45700F92602 /* DetailView.swift */; };
		2B363CD22420C80000F92602 /* WebView.swift in Sources */ = {isa = PBXBuildFile; fileRef = 2B363CD12420C80000F92602 /* WebView.swift */; };
		2B6B3B582420144A00EAD5EA /* AppDelegate.swift in Sources */ = {isa = PBXBuildFile; fileRef = 2B6B3B572420144A00EAD5EA /* AppDelegate.swift */; };
		2B6B3B5A2420144A00EAD5EA /* SceneDelegate.swift in Sources */ = {isa = PBXBuildFile; fileRef = 2B6B3B592420144A00EAD5EA /* SceneDelegate.swift */; };
		2B6B3B5C2420144A00EAD5EA /* ContentView.swift in Sources */ = {isa = PBXBuildFile; fileRef = 2B6B3B5B2420144A00EAD5EA /* ContentView.swift */; };
		2B6B3B5E2420144B00EAD5EA /* Assets.xcassets in Resources */ = {isa = PBXBuildFile; fileRef = 2B6B3B5D2420144B00EAD5EA /* Assets.xcassets */; };
		2B6B3B612420144B00EAD5EA /* Preview Assets.xcassets in Resources */ = {isa = PBXBuildFile; fileRef = 2B6B3B602420144B00EAD5EA /* Preview Assets.xcassets */; };
		2B6B3B642420144B00EAD5EA /* LaunchScreen.storyboard in Resources */ = {isa = PBXBuildFile; fileRef = 2B6B3B622420144B00EAD5EA /* LaunchScreen.storyboard */; };
		2B6B3B6D24201C3100EAD5EA /* NetworkManager.swift in Sources */ = {isa = PBXBuildFile; fileRef = 2B6B3B6C24201C3100EAD5EA /* NetworkManager.swift */; };
		2B6B3B6F24201E8200EAD5EA /* PostData.swift in Sources */ = {isa = PBXBuildFile; fileRef = 2B6B3B6E24201E8200EAD5EA /* PostData.swift */; };
/* End PBXBuildFile section */

/* Begin PBXFileReference section */
		2B363CCF2420C45700F92602 /* DetailView.swift */ = {isa = PBXFileReference; lastKnownFileType = sourcecode.swift; path = DetailView.swift; sourceTree = "<group>"; };
		2B363CD12420C80000F92602 /* WebView.swift */ = {isa = PBXFileReference; lastKnownFileType = sourcecode.swift; path = WebView.swift; sourceTree = "<group>"; };
		2B6B3B542420144A00EAD5EA /* H4XOR News.app */ = {isa = PBXFileReference; explicitFileType = wrapper.application; includeInIndex = 0; path = "H4XOR News.app"; sourceTree = BUILT_PRODUCTS_DIR; };
		2B6B3B572420144A00EAD5EA /* AppDelegate.swift */ = {isa = PBXFileReference; lastKnownFileType = sourcecode.swift; path = AppDelegate.swift; sourceTree = "<group>"; };
		2B6B3B592420144A00EAD5EA /* SceneDelegate.swift */ = {isa = PBXFileReference; lastKnownFileType = sourcecode.swift; path = SceneDelegate.swift; sourceTree = "<group>"; };
		2B6B3B5B2420144A00EAD5EA /* ContentView.swift */ = {isa = PBXFileReference; lastKnownFileType = sourcecode.swift; path = ContentView.swift; sourceTree = "<group>"; };
		2B6B3B5D2420144B00EAD5EA /* Assets.xcassets */ = {isa = PBXFileReference; lastKnownFileType = folder.assetcatalog; path = Assets.xcassets; sourceTree = "<group>"; };
		2B6B3B602420144B00EAD5EA /* Preview Assets.xcassets */ = {isa = PBXFileReference; lastKnownFileType = folder.assetcatalog; path = "Preview Assets.xcassets"; sourceTree = "<group>"; };
		2B6B3B632420144B00EAD5EA /* Base */ = {isa = PBXFileReference; lastKnownFileType = file.storyboard; name = Base; path = Base.lproj/LaunchScreen.storyboard; sourceTree = "<group>"; };
		2B6B3B652420144B00EAD5EA /* Info.plist */ = {isa = PBXFileReference; lastKnownFileType = text.plist.xml; path = Info.plist; sourceTree = "<group>"; };
		2B6B3B6C24201C3100EAD5EA /* NetworkManager.swift */ = {isa = PBXFileReference; lastKnownFileType = sourcecode.swift; path = NetworkManager.swift; sourceTree = "<group>"; };
		2B6B3B6E24201E8200EAD5EA /* PostData.swift */ = {isa = PBXFileReference; lastKnownFileType = sourcecode.swift; path = PostData.swift; sourceTree = "<group>"; };
/* End PBXFileReference section */

/* Begin PBXFrameworksBuildPhase section */
		2B6B3B512420144A00EAD5EA /* Frameworks */ = {
			isa = PBXFrameworksBuildPhase;
			buildActionMask = 2147483647;
			files = (
			);
			runOnlyForDeploymentPostprocessing = 0;
		};
/* End PBXFrameworksBuildPhase section */

/* Begin PBXGroup section */
		2B363CCE2420C37E00F92602 /* View */ = {
			isa = PBXGroup;
			children = (
				2B363CCF2420C45700F92602 /* DetailView.swift */,
				2B363CD12420C80000F92602 /* WebView.swift */,
			);
			path = View;
			sourceTree = "<group>";
		};
		2B6B3B4B2420144A00EAD5EA = {
			isa = PBXGroup;
			children = (
				2B6B3B562420144A00EAD5EA /* H4XOR News */,
				2B6B3B552420144A00EAD5EA /* Products */,
			);
			sourceTree = "<group>";
		};
		2B6B3B552420144A00EAD5EA /* Products */ = {
			isa = PBXGroup;
			children = (
				2B6B3B542420144A00EAD5EA /* H4XOR News.app */,
			);
			name = Products;
			sourceTree = "<group>";
		};
		2B6B3B562420144A00EAD5EA /* H4XOR News */ = {
			isa = PBXGroup;
			children = (
				2B6B3B572420144A00EAD5EA /* AppDelegate.swift */,
				2B6B3B592420144A00EAD5EA /* SceneDelegate.swift */,
				2B6B3B5B2420144A00EAD5EA /* ContentView.swift */,
				2B363CCE2420C37E00F92602 /* View */,
				2B6B3B6B24201C1200EAD5EA /* Model */,
				2B6B3B5D2420144B00EAD5EA /* Assets.xcassets */,
				2B6B3B622420144B00EAD5EA /* LaunchScreen.storyboard */,
				2B6B3B652420144B00EAD5EA /* Info.plist */,
				2B6B3B5F2420144B00EAD5EA /* Preview Content */,
			);
			path = "H4XOR News";
			sourceTree = "<group>";
		};
		2B6B3B5F2420144B00EAD5EA /* Preview Content */ = {
			isa = PBXGroup;
			children = (
				2B6B3B602420144B00EAD5EA /* Preview Assets.xcassets */,
			);
			path = "Preview Content";
			sourceTree = "<group>";
		};
		2B6B3B6B24201C1200EAD5EA /* Model */ = {
			isa = PBXGroup;
			children = (
				2B6B3B6C24201C3100EAD5EA /* NetworkManager.swift */,
				2B6B3B6E24201E8200EAD5EA /* PostData.swift */,
			);
			path = Model;
			sourceTree = "<group>";
		};
/* End PBXGroup section */

/* Begin PBXNativeTarget section */
		2B6B3B532420144A00EAD5EA /* H4XOR News */ = {
			isa = PBXNativeTarget;
			buildConfigurationList = 2B6B3B682420144B00EAD5EA /* Build configuration list for PBXNativeTarget "H4XOR News" */;
			buildPhases = (
				2B6B3B502420144A00EAD5EA /* Sources */,
				2B6B3B512420144A00EAD5EA /* Frameworks */,
				2B6B3B522420144A00EAD5EA /* Resources */,
			);
			buildRules = (
			);
			dependencies = (
			);
			name = "H4XOR News";
			productName = "H4XOR News";
			productReference = 2B6B3B542420144A00EAD5EA /* H4XOR News.app */;
			productType = "com.apple.product-type.application";
		};
/* End PBXNativeTarget section */

/* Begin PBXProject section */
		2B6B3B4C2420144A00EAD5EA /* Project object */ = {
			isa = PBXProject;
			attributes = {
				LastSwiftUpdateCheck = 1130;
				LastUpgradeCheck = 1230;
				ORGANIZATIONNAME = "Syed Muhammad";
				TargetAttributes = {
					2B6B3B532420144A00EAD5EA = {
						CreatedOnToolsVersion = 11.3.1;
					};
				};
			};
			buildConfigurationList = 2B6B3B4F2420144A00EAD5EA /* Build configuration list for PBXProject "H4XOR News" */;
			compatibilityVersion = "Xcode 9.3";
			developmentRegion = en;
			hasScannedForEncodings = 0;
			knownRegions = (
				en,
				Base,
			);
			mainGroup = 2B6B3B4B2420144A00EAD5EA;
			productRefGroup = 2B6B3B552420144A00EAD5EA /* Products */;
			projectDirPath = "";
			projectRoot = "";
			targets = (
				2B6B3B532420144A00EAD5EA /* H4XOR News */,
			);
		};
/* End PBXProject section */

/* Begin PBXResourcesBuildPhase section */
		2B6B3B522420144A00EAD5EA /* Resources */ = {
			isa = PBXResourcesBuildPhase;
			buildActionMask = 2147483647;
			files = (
				2B6B3B642420144B00EAD5EA /* LaunchScreen.storyboard in Resources */,
				2B6B3B612420144B00EAD5EA /* Preview Assets.xcassets in Resources */,
				2B6B3B5E2420144B00EAD5EA /* Assets.xcassets in Resources */,
			);
			runOnlyForDeploymentPostprocessing = 0;
		};
/* End PBXResourcesBuildPhase section */

/* Begin PBXSourcesBuildPhase section */
		2B6B3B502420144A00EAD5EA /* Sources */ = {
			isa = PBXSourcesBuildPhase;
			buildActionMask = 2147483647;
			files = (
				2B6B3B6F24201E8200EAD5EA /* PostData.swift in Sources */,
				2B363CD02420C45700F92602 /* DetailView.swift in Sources */,
				2B6B3B6D24201C3100EAD5EA /* NetworkManager.swift in Sources */,
				2B6B3B582420144A00EAD5EA /* AppDelegate.swift in Sources */,
				2B6B3B5A2420144A00EAD5EA /* SceneDelegate.swift in Sources */,
				2B6B3B5C2420144A00EAD5EA /* ContentView.swift in Sources */,
				2B363CD22420C80000F92602 /* WebView.swift in Sources */,
			);
			runOnlyForDeploymentPostprocessing = 0;
		};
/* End PBXSourcesBuildPhase section */

/* Begin PBXVariantGroup section */
		2B6B3B622420144B00EAD5EA /* LaunchScreen.storyboard */ = {
			isa = PBXVariantGroup;
			children = (
				2B6B3B632420144B00EAD5EA /* Base */,
			);
			name = LaunchScreen.storyboard;
			sourceTree = "<group>";
		};
/* End PBXVariantGroup section */

/* Begin XCBuildConfiguration section */
		2B6B3B662420144B00EAD5EA /* Debug */ = {
			isa = XCBuildConfiguration;
			buildSettings = {
				ALWAYS_SEARCH_USER_PATHS = NO;
				CLANG_ANALYZER_NONNULL = YES;
				CLANG_ANALYZER_NUMBER_OBJECT_CONVERSION = YES_AGGRESSIVE;
				CLANG_CXX_LANGUAGE_STANDARD = "gnu++14";
				CLANG_CXX_LIBRARY = "libc++";
				CLANG_ENABLE_MODULES = YES;
				CLANG_ENABLE_OBJC_ARC = YES;
				CLANG_ENABLE_OBJC_WEAK = YES;
				CLANG_WARN_BLOCK_CAPTURE_AUTORELEASING = YES;
				CLANG_WARN_BOOL_CONVERSION = YES;
				CLANG_WARN_COMMA = YES;
				CLANG_WARN_CONSTANT_CONVERSION = YES;
				CLANG_WARN_DEPRECATED_OBJC_IMPLEMENTATIONS = YES;
				CLANG_WARN_DIRECT_OBJC_ISA_USAGE = YES_ERROR;
				CLANG_WARN_DOCUMENTATION_COMMENTS = YES;
				CLANG_WARN_EMPTY_BODY = YES;
				CLANG_WARN_ENUM_CONVERSION = YES;
				CLANG_WARN_INFINITE_RECURSION = YES;
				CLANG_WARN_INT_CONVERSION = YES;
				CLANG_WARN_NON_LITERAL_NULL_CONVERSION = YES;
				CLANG_WARN_OBJC_IMPLICIT_RETAIN_SELF = YES;
				CLANG_WARN_OBJC_LITERAL_CONVERSION = YES;
				CLANG_WARN_OBJC_ROOT_CLASS = YES_ERROR;
				CLANG_WARN_QUOTED_INCLUDE_IN_FRAMEWORK_HEADER = YES;
				CLANG_WARN_RANGE_LOOP_ANALYSIS = YES;
				CLANG_WARN_STRICT_PROTOTYPES = YES;
				CLANG_WARN_SUSPICIOUS_MOVE = YES;
				CLANG_WARN_UNGUARDED_AVAILABILITY = YES_AGGRESSIVE;
				CLANG_WARN_UNREACHABLE_CODE = YES;
				CLANG_WARN__DUPLICATE_METHOD_MATCH = YES;
				COPY_PHASE_STRIP = NO;
				DEBUG_INFORMATION_FORMAT = dwarf;
				ENABLE_STRICT_OBJC_MSGSEND = YES;
				ENABLE_TESTABILITY = YES;
				GCC_C_LANGUAGE_STANDARD = gnu11;
				GCC_DYNAMIC_NO_PIC = NO;
				GCC_NO_COMMON_BLOCKS = YES;
				GCC_OPTIMIZATION_LEVEL = 0;
				GCC_PREPROCESSOR_DEFINITIONS = (
					"DEBUG=1",
					"$(inherited)",
				);
				GCC_WARN_64_TO_32_BIT_CONVERSION = YES;
				GCC_WARN_ABOUT_RETURN_TYPE = YES_ERROR;
				GCC_WARN_UNDECLARED_SELECTOR = YES;
				GCC_WARN_UNINITIALIZED_AUTOS = YES_AGGRESSIVE;
				GCC_WARN_UNUSED_FUNCTION = YES;
				GCC_WARN_UNUSED_VARIABLE = YES;
				IPHONEOS_DEPLOYMENT_TARGET = 13.2;
				MTL_ENABLE_DEBUG_INFO = INCLUDE_SOURCE;
				MTL_FAST_MATH = YES;
				ONLY_ACTIVE_ARCH = YES;
				SDKROOT = iphoneos;
				SWIFT_ACTIVE_COMPILATION_CONDITIONS = DEBUG;
				SWIFT_OPTIMIZATION_LEVEL = "-Onone";
			};
			name = Debug;
		};
		2B6B3B672420144B00EAD5EA /* Release */ = {
			isa = XCBuildConfiguration;
			buildSettings = {
				ALWAYS_SEARCH_USER_PATHS = NO;
				CLANG_ANALYZER_NONNULL = YES;
				CLANG_ANALYZER_NUMBER_OBJECT_CONVERSION = YES_AGGRESSIVE;
				CLANG_CXX_LANGUAGE_STANDARD = "gnu++14";
				CLANG_CXX_LIBRARY = "libc++";
				CLANG_ENABLE_MODULES = YES;
				CLANG_ENABLE_OBJC_ARC = YES;
				CLANG_ENABLE_OBJC_WEAK = YES;
				CLANG_WARN_BLOCK_CAPTURE_AUTORELEASING = YES;
				CLANG_WARN_BOOL_CONVERSION = YES;
				CLANG_WARN_COMMA = YES;
				CLANG_WARN_CONSTANT_CONVERSION = YES;
				CLANG_WARN_DEPRECATED_OBJC_IMPLEMENTATIONS = YES;
				CLANG_WARN_DIRECT_OBJC_ISA_USAGE = YES_ERROR;
				CLANG_WARN_DOCUMENTATION_COMMENTS = YES;
				CLANG_WARN_EMPTY_BODY = YES;
				CLANG_WARN_ENUM_CONVERSION = YES;
				CLANG_WARN_INFINITE_RECURSION = YES;
				CLANG_WARN_INT_CONVERSION = YES;
				CLANG_WARN_NON_LITERAL_NULL_CONVERSION = YES;
				CLANG_WARN_OBJC_IMPLICIT_RETAIN_SELF = YES;
				CLANG_WARN_OBJC_LITERAL_CONVERSION = YES;
				CLANG_WARN_OBJC_ROOT_CLASS = YES_ERROR;
				CLANG_WARN_QUOTED_INCLUDE_IN_FRAMEWORK_HEADER = YES;
				CLANG_WARN_RANGE_LOOP_ANALYSIS = YES;
				CLANG_WARN_STRICT_PROTOTYPES = YES;
				CLANG_WARN_SUSPICIOUS_MOVE = YES;
				CLANG_WARN_UNGUARDED_AVAILABILITY = YES_AGGRESSIVE;
				CLANG_WARN_UNREACHABLE_CODE = YES;
				CLANG_WARN__DUPLICATE_METHOD_MATCH = YES;
				COPY_PHASE_STRIP = NO;
				DEBUG_INFORMATION_FORMAT = "dwarf-with-dsym";
				ENABLE_NS_ASSERTIONS = NO;
				ENABLE_STRICT_OBJC_MSGSEND = YES;
				GCC_C_LANGUAGE_STANDARD = gnu11;
				GCC_NO_COMMON_BLOCKS = YES;
				GCC_WARN_64_TO_32_BIT_CONVERSION = YES;
				GCC_WARN_ABOUT_RETURN_TYPE = YES_ERROR;
				GCC_WARN_UNDECLARED_SELECTOR = YES;
				GCC_WARN_UNINITIALIZED_AUTOS = YES_AGGRESSIVE;
				GCC_WARN_UNUSED_FUNCTION = YES;
				GCC_WARN_UNUSED_VARIABLE = YES;
				IPHONEOS_DEPLOYMENT_TARGET = 13.2;
				MTL_ENABLE_DEBUG_INFO = NO;
				MTL_FAST_MATH = YES;
				SDKROOT = iphoneos;
				SWIFT_COMPILATION_MODE = wholemodule;
				SWIFT_OPTIMIZATION_LEVEL = "-O";
				VALIDATE_PRODUCT = YES;
			};
			name = Release;
		};
		2B6B3B692420144B00EAD5EA /* Debug */ = {
			isa = XCBuildConfiguration;
			buildSettings = {
				ASSETCATALOG_COMPILER_APPICON_NAME = AppIcon;
				CODE_SIGN_STYLE = Automatic;
				DEVELOPMENT_ASSET_PATHS = "\"H4XOR News/Preview Content\"";
				DEVELOPMENT_TEAM = D6S26M36K2;
				ENABLE_PREVIEWS = YES;
				INFOPLIST_FILE = "H4XOR News/Info.plist";
				LD_RUNPATH_SEARCH_PATHS = (
					"$(inherited)",
					"@executable_path/Frameworks",
				);
				PRODUCT_BUNDLE_IDENTIFIER = "com.mani.H4XOR-News";
				PRODUCT_NAME = "$(TARGET_NAME)";
				SWIFT_VERSION = 5.0;
				TARGETED_DEVICE_FAMILY = "1,2";
			};
			name = Debug;
		};
		2B6B3B6A2420144B00EAD5EA /* Release */ = {
			isa = XCBuildConfiguration;
			buildSettings = {
				ASSETCATALOG_COMPILER_APPICON_NAME = AppIcon;
				CODE_SIGN_STYLE = Automatic;
				DEVELOPMENT_ASSET_PATHS = "\"H4XOR News/Preview Content\"";
				DEVELOPMENT_TEAM = D6S26M36K2;
				ENABLE_PREVIEWS = YES;
				INFOPLIST_FILE = "H4XOR News/Info.plist";
				LD_RUNPATH_SEARCH_PATHS = (
					"$(inherited)",
					"@executable_path/Frameworks",
				);
				PRODUCT_BUNDLE_IDENTIFIER = "com.mani.H4XOR-News";
				PRODUCT_NAME = "$(TARGET_NAME)";
				SWIFT_VERSION = 5.0;
				TARGETED_DEVICE_FAMILY = "1,2";
			};
			name = Release;
		};
/* End XCBuildConfiguration section */

/* Begin XCConfigurationList section */
		2B6B3B4F2420144A00EAD5EA /* Build configuration list for PBXProject "H4XOR News" */ = {
			isa = XCConfigurationList;
			buildConfigurations = (
				2B6B3B662420144B00EAD5EA /* Debug */,
				2B6B3B672420144B00EAD5EA /* Release */,
			);
			defaultConfigurationIsVisible = 0;
			defaultConfigurationName = Release;
		};
		2B6B3B682420144B00EAD5EA /* Build configuration list for PBXNativeTarget "H4XOR News" */ = {
			isa = XCConfigurationList;
			buildConfigurations = (
				2B6B3B692420144B00EAD5EA /* Debug */,
				2B6B3B6A2420144B00EAD5EA /* Release */,
			);
			defaultConfigurationIsVisible = 0;
			defaultConfigurationName = Release;
		};
/* End XCConfigurationList section */
	};
	rootObject = 2B6B3B4C2420144A00EAD5EA /* Project object */;
}
